
Microsoft Visual Studio Solution File, Format Version 12.00
# Visual Studio 2013
VisualStudioVersion = 12.0.21005.1
MinimumVisualStudioVersion = 10.0.40219.1
Project("{FAE04EC0-301F-11D3-BF4B-00C04F79EFBC}") = "Carpets", "Carpets\Carpets.csproj", "{418C9B18-5B16-4897-B3E0-49C047307B1F}"
EndProject
Project("{FAE04EC0-301F-11D3-BF4B-00C04F79EFBC}") = "FirTree", "FirTree\FirTree.csproj", "{554D2B96-EF46-4685-B741-70E98D39F3C1}"
EndProject
Project("{FAE04EC0-301F-11D3-BF4B-00C04F79EFBC}") = "TelerikLogo", "TelerikLogo\TelerikLogo.csproj", "{0DE04608-2506-4A17-AC87-7B676B2D3C04}"
EndProject
Project("{FAE04EC0-301F-11D3-BF4B-00C04F79EFBC}") = "UKFlag", "UKFlag\UKFlag.csproj", "{AEE7974B-5C92-40D6-9008-1271685B2B56}"
EndProject
Project("{FAE04EC0-301F-11D3-BF4B-00C04F79EFBC}") = "AngryBits", "AngryBits\AngryBits.csproj", "{43283A45-0BD6-45FE-99B5-CF628465DDED}"
EndProject
Project("{FAE04EC0-301F-11D3-BF4B-00C04F79EFBC}") = "BitBall", "BitBall\BitBall.csproj", "{2915C4DA-B555-4807-9421-B2D1B5259D3A}"
EndProject
Project("{FAE04EC0-301F-11D3-BF4B-00C04F79EFBC}") = "Lines", "Lines\Lines.csproj", "{E4F1FB6D-27AB-4216-A8B5-F51C82AFE32A}"
EndProject
Project("{FAE04EC0-301F-11D3-BF4B-00C04F79EFBC}") = "Pillars", "Pillars\Pillars.csproj", "{2B10EE7F-D3AF-4C4F-B81F-04DBD4BE6A19}"
EndProject
Project("{FAE04EC0-301F-11D3-BF4B-00C04F79EFBC}") = "DancingBits", "DancingBits\DancingBits.csproj", "{2E0FA3D7-F9AF-455F-9299-831FF55718C2}"
EndProject
Project("{FAE04EC0-301F-11D3-BF4B-00C04F79EFBC}") = "Sheets", "Sheets\Sheets.csproj", "{973935AB-B0B3-4010-AC5C-EF6F9FD9F7D2}"
EndProject
Project("{FAE04EC0-301F-11D3-BF4B-00C04F79EFBC}") = "OddNumbers", "OddNumbers\OddNumbers.csproj", "{C1CD7636-E6E1-4C75-A805-7379624B758E}"
EndProject
Project("{FAE04EC0-301F-11D3-BF4B-00C04F79EFBC}") = "WeAllLoveBits", "WeAllLoveBits\WeAllLoveBits.csproj", "{7D4570EE-B93C-4856-85DA-5825F83B9AEB}"
EndProject
Project("{FAE04EC0-301F-11D3-BF4B-00C04F79EFBC}") = "Tribonacci", "Tribonacci\Tribonacci.csproj", "{8CE3D2F3-7BBA-4B60-B5EF-A45C3A04AE34}"
EndProject
Project("{FAE04EC0-301F-11D3-BF4B-00C04F79EFBC}") = "QuadronacciRectangle", "QuadronacciRectangle\QuadronacciRectangle.csproj", "{453F8A2A-5AA2-4045-AC19-C69097DA9694}"
EndProject
Project("{FAE04EC0-301F-11D3-BF4B-00C04F79EFBC}") = "MissCat", "MissCat\MissCat.csproj", "{4EF25CD0-21DC-4FDA-85E0-D933564560E0}"
EndProject
Project("{FAE04EC0-301F-11D3-BF4B-00C04F79EFBC}") = "AstrologicalDigits", "AstrologicalDigits\AstrologicalDigits.csproj", "{A6AC032F-4033-4EDD-BCE6-A0D527927939}"
EndProject
Project("{FAE04EC0-301F-11D3-BF4B-00C04F79EFBC}") = "ANacci", "ANacci\ANacci.csproj", "{7B00CA03-FA00-4F14-B274-259152A49A7A}"
EndProject
Project("{FAE04EC0-301F-11D3-BF4B-00C04F79EFBC}") = "NextDate", "NextDate\NextDate.csproj", "{D0786C92-C336-48B3-986B-E400B0414AB9}"
EndProject
Project("{FAE04EC0-301F-11D3-BF4B-00C04F79EFBC}") = "TripleRotationOfDigits", "TripleRotationOfDigits\TripleRotationOfDigits.csproj", "{49FF0929-276D-4F5A-9DB3-0580CEFEFCDD}"
EndProject
Project("{FAE04EC0-301F-11D3-BF4B-00C04F79EFBC}") = "UpDownGame", "UpDownGame\UpDownGame.csproj", "{D1E936B7-EB5F-4DE6-808A-51372C61AFF9}"
EndProject
Project("{FAE04EC0-301F-11D3-BF4B-00C04F79EFBC}") = "CartesianCoordinateSystem", "CartesianCoordinateSystem\CartesianCoordinateSystem.csproj", "{211E8178-167D-49B1-A66D-CB1A7B9E9E5C}"
EndProject
Project("{FAE04EC0-301F-11D3-BF4B-00C04F79EFBC}") = "ShipDamage", "ShipDamage\ShipDamage.csproj", "{591DC198-D687-4AFC-B455-9FB709867CD4}"
EndProject
Project("{FAE04EC0-301F-11D3-BF4B-00C04F79EFBC}") = "FighterAttack", "FighterAttack\FighterAttack.csproj", "{D69764A7-4766-460E-95FC-A2DB8D9F1617}"
EndProject
Project("{FAE04EC0-301F-11D3-BF4B-00C04F79EFBC}") = "MathExpression", "MathExpression\MathExpression.csproj", "{66FF79E5-AF43-4AE8-A726-DDB48C06C805}"
EndProject
Project("{FAE04EC0-301F-11D3-BF4B-00C04F79EFBC}") = "SevenlandNumbers", "SevenlandNumbers\SevenlandNumbers.csproj", "{C1094442-4DFF-4B1F-9596-BE4711E4DF1E}"
EndProject
Project("{FAE04EC0-301F-11D3-BF4B-00C04F79EFBC}") = "Garden", "Garden\Garden.csproj", "{C7D971A6-F0F9-496A-8A0D-853CAEDEB432}"
EndProject
Project("{FAE04EC0-301F-11D3-BF4B-00C04F79EFBC}") = "BullsAndCows", "BullsAndCows\BullsAndCows.csproj", "{241D92FE-F261-4EC4-A3B5-4B482DEBE56A}"
EndProject
Project("{FAE04EC0-301F-11D3-BF4B-00C04F79EFBC}") = "Neuron", "Neuron\Neuron.csproj", "{C40883AE-D2D4-4059-BEB7-0AA8E54A9DE1}"
EndProject
Project("{FAE04EC0-301F-11D3-BF4B-00C04F79EFBC}") = "CardWars", "Bittris\CardWars.csproj", "{3636502C-C0F9-4ECB-B72D-C5838C309EE5}"
EndProject
Project("{FAE04EC0-301F-11D3-BF4B-00C04F79EFBC}") = "ForestRoad", "ForestRoad\ForestRoad.csproj", "{EA663845-FEFB-47ED-9799-C6DA9D047A3B}"
EndProject
Project("{FAE04EC0-301F-11D3-BF4B-00C04F79EFBC}") = "SubsetSums", "SubsetSums\SubsetSums.csproj", "{4D3C2239-DEFF-45D9-9DB2-C5E6ADCB03C3}"
EndProject
Project("{FAE04EC0-301F-11D3-BF4B-00C04F79EFBC}") = "Fire", "Fire\Fire.csproj", "{B7E60968-58F4-4200-B826-F046B18A6655}"
EndProject
Global
	GlobalSection(SolutionConfigurationPlatforms) = preSolution
		Debug|Any CPU = Debug|Any CPU
		Release|Any CPU = Release|Any CPU
	EndGlobalSection
	GlobalSection(ProjectConfigurationPlatforms) = postSolution
		{418C9B18-5B16-4897-B3E0-49C047307B1F}.Debug|Any CPU.ActiveCfg = Debug|Any CPU
		{418C9B18-5B16-4897-B3E0-49C047307B1F}.Debug|Any CPU.Build.0 = Debug|Any CPU
		{418C9B18-5B16-4897-B3E0-49C047307B1F}.Release|Any CPU.ActiveCfg = Release|Any CPU
		{418C9B18-5B16-4897-B3E0-49C047307B1F}.Release|Any CPU.Build.0 = Release|Any CPU
		{554D2B96-EF46-4685-B741-70E98D39F3C1}.Debug|Any CPU.ActiveCfg = Debug|Any CPU
		{554D2B96-EF46-4685-B741-70E98D39F3C1}.Debug|Any CPU.Build.0 = Debug|Any CPU
		{554D2B96-EF46-4685-B741-70E98D39F3C1}.Release|Any CPU.ActiveCfg = Release|Any CPU
		{554D2B96-EF46-4685-B741-70E98D39F3C1}.Release|Any CPU.Build.0 = Release|Any CPU
		{0DE04608-2506-4A17-AC87-7B676B2D3C04}.Debug|Any CPU.ActiveCfg = Debug|Any CPU
		{0DE04608-2506-4A17-AC87-7B676B2D3C04}.Debug|Any CPU.Build.0 = Debug|Any CPU
		{0DE04608-2506-4A17-AC87-7B676B2D3C04}.Release|Any CPU.ActiveCfg = Release|Any CPU
		{0DE04608-2506-4A17-AC87-7B676B2D3C04}.Release|Any CPU.Build.0 = Release|Any CPU
		{AEE7974B-5C92-40D6-9008-1271685B2B56}.Debug|Any CPU.ActiveCfg = Debug|Any CPU
		{AEE7974B-5C92-40D6-9008-1271685B2B56}.Debug|Any CPU.Build.0 = Debug|Any CPU
		{AEE7974B-5C92-40D6-9008-1271685B2B56}.Release|Any CPU.ActiveCfg = Release|Any CPU
		{AEE7974B-5C92-40D6-9008-1271685B2B56}.Release|Any CPU.Build.0 = Release|Any CPU
		{43283A45-0BD6-45FE-99B5-CF628465DDED}.Debug|Any CPU.ActiveCfg = Debug|Any CPU
		{43283A45-0BD6-45FE-99B5-CF628465DDED}.Debug|Any CPU.Build.0 = Debug|Any CPU
		{43283A45-0BD6-45FE-99B5-CF628465DDED}.Release|Any CPU.ActiveCfg = Release|Any CPU
		{43283A45-0BD6-45FE-99B5-CF628465DDED}.Release|Any CPU.Build.0 = Release|Any CPU
		{2915C4DA-B555-4807-9421-B2D1B5259D3A}.Debug|Any CPU.ActiveCfg = Debug|Any CPU
		{2915C4DA-B555-4807-9421-B2D1B5259D3A}.Debug|Any CPU.Build.0 = Debug|Any CPU
		{2915C4DA-B555-4807-9421-B2D1B5259D3A}.Release|Any CPU.ActiveCfg = Release|Any CPU
		{2915C4DA-B555-4807-9421-B2D1B5259D3A}.Release|Any CPU.Build.0 = Release|Any CPU
		{E4F1FB6D-27AB-4216-A8B5-F51C82AFE32A}.Debug|Any CPU.ActiveCfg = Debug|Any CPU
		{E4F1FB6D-27AB-4216-A8B5-F51C82AFE32A}.Debug|Any CPU.Build.0 = Debug|Any CPU
		{E4F1FB6D-27AB-4216-A8B5-F51C82AFE32A}.Release|Any CPU.ActiveCfg = Release|Any CPU
		{E4F1FB6D-27AB-4216-A8B5-F51C82AFE32A}.Release|Any CPU.Build.0 = Release|Any CPU
		{2B10EE7F-D3AF-4C4F-B81F-04DBD4BE6A19}.Debug|Any CPU.ActiveCfg = Debug|Any CPU
		{2B10EE7F-D3AF-4C4F-B81F-04DBD4BE6A19}.Debug|Any CPU.Build.0 = Debug|Any CPU
		{2B10EE7F-D3AF-4C4F-B81F-04DBD4BE6A19}.Release|Any CPU.ActiveCfg = Release|Any CPU
		{2B10EE7F-D3AF-4C4F-B81F-04DBD4BE6A19}.Release|Any CPU.Build.0 = Release|Any CPU
		{2E0FA3D7-F9AF-455F-9299-831FF55718C2}.Debug|Any CPU.ActiveCfg = Debug|Any CPU
		{2E0FA3D7-F9AF-455F-9299-831FF55718C2}.Debug|Any CPU.Build.0 = Debug|Any CPU
		{2E0FA3D7-F9AF-455F-9299-831FF55718C2}.Release|Any CPU.ActiveCfg = Release|Any CPU
		{2E0FA3D7-F9AF-455F-9299-831FF55718C2}.Release|Any CPU.Build.0 = Release|Any CPU
		{973935AB-B0B3-4010-AC5C-EF6F9FD9F7D2}.Debug|Any CPU.ActiveCfg = Debug|Any CPU
		{973935AB-B0B3-4010-AC5C-EF6F9FD9F7D2}.Debug|Any CPU.Build.0 = Debug|Any CPU
		{973935AB-B0B3-4010-AC5C-EF6F9FD9F7D2}.Release|Any CPU.ActiveCfg = Release|Any CPU
		{973935AB-B0B3-4010-AC5C-EF6F9FD9F7D2}.Release|Any CPU.Build.0 = Release|Any CPU
		{C1CD7636-E6E1-4C75-A805-7379624B758E}.Debug|Any CPU.ActiveCfg = Debug|Any CPU
		{C1CD7636-E6E1-4C75-A805-7379624B758E}.Debug|Any CPU.Build.0 = Debug|Any CPU
		{C1CD7636-E6E1-4C75-A805-7379624B758E}.Release|Any CPU.ActiveCfg = Release|Any CPU
		{C1CD7636-E6E1-4C75-A805-7379624B758E}.Release|Any CPU.Build.0 = Release|Any CPU
		{7D4570EE-B93C-4856-85DA-5825F83B9AEB}.Debug|Any CPU.ActiveCfg = Debug|Any CPU
		{7D4570EE-B93C-4856-85DA-5825F83B9AEB}.Debug|Any CPU.Build.0 = Debug|Any CPU
		{7D4570EE-B93C-4856-85DA-5825F83B9AEB}.Release|Any CPU.ActiveCfg = Release|Any CPU
		{7D4570EE-B93C-4856-85DA-5825F83B9AEB}.Release|Any CPU.Build.0 = Release|Any CPU
		{8CE3D2F3-7BBA-4B60-B5EF-A45C3A04AE34}.Debug|Any CPU.ActiveCfg = Debug|Any CPU
		{8CE3D2F3-7BBA-4B60-B5EF-A45C3A04AE34}.Debug|Any CPU.Build.0 = Debug|Any CPU
		{8CE3D2F3-7BBA-4B60-B5EF-A45C3A04AE34}.Release|Any CPU.ActiveCfg = Release|Any CPU
		{8CE3D2F3-7BBA-4B60-B5EF-A45C3A04AE34}.Release|Any CPU.Build.0 = Release|Any CPU
		{453F8A2A-5AA2-4045-AC19-C69097DA9694}.Debug|Any CPU.ActiveCfg = Debug|Any CPU
		{453F8A2A-5AA2-4045-AC19-C69097DA9694}.Debug|Any CPU.Build.0 = Debug|Any CPU
		{453F8A2A-5AA2-4045-AC19-C69097DA9694}.Release|Any CPU.ActiveCfg = Release|Any CPU
		{453F8A2A-5AA2-4045-AC19-C69097DA9694}.Release|Any CPU.Build.0 = Release|Any CPU
		{4EF25CD0-21DC-4FDA-85E0-D933564560E0}.Debug|Any CPU.ActiveCfg = Debug|Any CPU
		{4EF25CD0-21DC-4FDA-85E0-D933564560E0}.Debug|Any CPU.Build.0 = Debug|Any CPU
		{4EF25CD0-21DC-4FDA-85E0-D933564560E0}.Release|Any CPU.ActiveCfg = Release|Any CPU
		{4EF25CD0-21DC-4FDA-85E0-D933564560E0}.Release|Any CPU.Build.0 = Release|Any CPU
		{A6AC032F-4033-4EDD-BCE6-A0D527927939}.Debug|Any CPU.ActiveCfg = Debug|Any CPU
		{A6AC032F-4033-4EDD-BCE6-A0D527927939}.Debug|Any CPU.Build.0 = Debug|Any CPU
		{A6AC032F-4033-4EDD-BCE6-A0D527927939}.Release|Any CPU.ActiveCfg = Release|Any CPU
		{A6AC032F-4033-4EDD-BCE6-A0D527927939}.Release|Any CPU.Build.0 = Release|Any CPU
		{7B00CA03-FA00-4F14-B274-259152A49A7A}.Debug|Any CPU.ActiveCfg = Debug|Any CPU
		{7B00CA03-FA00-4F14-B274-259152A49A7A}.Debug|Any CPU.Build.0 = Debug|Any CPU
		{7B00CA03-FA00-4F14-B274-259152A49A7A}.Release|Any CPU.ActiveCfg = Release|Any CPU
		{7B00CA03-FA00-4F14-B274-259152A49A7A}.Release|Any CPU.Build.0 = Release|Any CPU
		{D0786C92-C336-48B3-986B-E400B0414AB9}.Debug|Any CPU.ActiveCfg = Debug|Any CPU
		{D0786C92-C336-48B3-986B-E400B0414AB9}.Debug|Any CPU.Build.0 = Debug|Any CPU
		{D0786C92-C336-48B3-986B-E400B0414AB9}.Release|Any CPU.ActiveCfg = Release|Any CPU
		{D0786C92-C336-48B3-986B-E400B0414AB9}.Release|Any CPU.Build.0 = Release|Any CPU
		{49FF0929-276D-4F5A-9DB3-0580CEFEFCDD}.Debug|Any CPU.ActiveCfg = Debug|Any CPU
		{49FF0929-276D-4F5A-9DB3-0580CEFEFCDD}.Debug|Any CPU.Build.0 = Debug|Any CPU
		{49FF0929-276D-4F5A-9DB3-0580CEFEFCDD}.Release|Any CPU.ActiveCfg = Release|Any CPU
		{49FF0929-276D-4F5A-9DB3-0580CEFEFCDD}.Release|Any CPU.Build.0 = Release|Any CPU
		{D1E936B7-EB5F-4DE6-808A-51372C61AFF9}.Debug|Any CPU.ActiveCfg = Debug|Any CPU
		{D1E936B7-EB5F-4DE6-808A-51372C61AFF9}.Debug|Any CPU.Build.0 = Debug|Any CPU
		{D1E936B7-EB5F-4DE6-808A-51372C61AFF9}.Release|Any CPU.ActiveCfg = Release|Any CPU
		{D1E936B7-EB5F-4DE6-808A-51372C61AFF9}.Release|Any CPU.Build.0 = Release|Any CPU
		{211E8178-167D-49B1-A66D-CB1A7B9E9E5C}.Debug|Any CPU.ActiveCfg = Debug|Any CPU
		{211E8178-167D-49B1-A66D-CB1A7B9E9E5C}.Debug|Any CPU.Build.0 = Debug|Any CPU
		{211E8178-167D-49B1-A66D-CB1A7B9E9E5C}.Release|Any CPU.ActiveCfg = Release|Any CPU
		{211E8178-167D-49B1-A66D-CB1A7B9E9E5C}.Release|Any CPU.Build.0 = Release|Any CPU
		{591DC198-D687-4AFC-B455-9FB709867CD4}.Debug|Any CPU.ActiveCfg = Debug|Any CPU
		{591DC198-D687-4AFC-B455-9FB709867CD4}.Debug|Any CPU.Build.0 = Debug|Any CPU
		{591DC198-D687-4AFC-B455-9FB709867CD4}.Release|Any CPU.ActiveCfg = Release|Any CPU
		{591DC198-D687-4AFC-B455-9FB709867CD4}.Release|Any CPU.Build.0 = Release|Any CPU
		{D69764A7-4766-460E-95FC-A2DB8D9F1617}.Debug|Any CPU.ActiveCfg = Debug|Any CPU
		{D69764A7-4766-460E-95FC-A2DB8D9F1617}.Debug|Any CPU.Build.0 = Debug|Any CPU
		{D69764A7-4766-460E-95FC-A2DB8D9F1617}.Release|Any CPU.ActiveCfg = Release|Any CPU
		{D69764A7-4766-460E-95FC-A2DB8D9F1617}.Release|Any CPU.Build.0 = Release|Any CPU
		{66FF79E5-AF43-4AE8-A726-DDB48C06C805}.Debug|Any CPU.ActiveCfg = Debug|Any CPU
		{66FF79E5-AF43-4AE8-A726-DDB48C06C805}.Debug|Any CPU.Build.0 = Debug|Any CPU
		{66FF79E5-AF43-4AE8-A726-DDB48C06C805}.Release|Any CPU.ActiveCfg = Release|Any CPU
		{66FF79E5-AF43-4AE8-A726-DDB48C06C805}.Release|Any CPU.Build.0 = Release|Any CPU
		{C1094442-4DFF-4B1F-9596-BE4711E4DF1E}.Debug|Any CPU.ActiveCfg = Debug|Any CPU
		{C1094442-4DFF-4B1F-9596-BE4711E4DF1E}.Debug|Any CPU.Build.0 = Debug|Any CPU
		{C1094442-4DFF-4B1F-9596-BE4711E4DF1E}.Release|Any CPU.ActiveCfg = Release|Any CPU
		{C1094442-4DFF-4B1F-9596-BE4711E4DF1E}.Release|Any CPU.Build.0 = Release|Any CPU
		{C7D971A6-F0F9-496A-8A0D-853CAEDEB432}.Debug|Any CPU.ActiveCfg = Debug|Any CPU
		{C7D971A6-F0F9-496A-8A0D-853CAEDEB432}.Debug|Any CPU.Build.0 = Debug|Any CPU
		{C7D971A6-F0F9-496A-8A0D-853CAEDEB432}.Release|Any CPU.ActiveCfg = Release|Any CPU
		{C7D971A6-F0F9-496A-8A0D-853CAEDEB432}.Release|Any CPU.Build.0 = Release|Any CPU
		{241D92FE-F261-4EC4-A3B5-4B482DEBE56A}.Debug|Any CPU.ActiveCfg = Debug|Any CPU
		{241D92FE-F261-4EC4-A3B5-4B482DEBE56A}.Debug|Any CPU.Build.0 = Debug|Any CPU
		{241D92FE-F261-4EC4-A3B5-4B482DEBE56A}.Release|Any CPU.ActiveCfg = Release|Any CPU
		{241D92FE-F261-4EC4-A3B5-4B482DEBE56A}.Release|Any CPU.Build.0 = Release|Any CPU
		{C40883AE-D2D4-4059-BEB7-0AA8E54A9DE1}.Debug|Any CPU.ActiveCfg = Debug|Any CPU
		{C40883AE-D2D4-4059-BEB7-0AA8E54A9DE1}.Debug|Any CPU.Build.0 = Debug|Any CPU
		{C40883AE-D2D4-4059-BEB7-0AA8E54A9DE1}.Release|Any CPU.ActiveCfg = Release|Any CPU
		{C40883AE-D2D4-4059-BEB7-0AA8E54A9DE1}.Release|Any CPU.Build.0 = Release|Any CPU
		{3636502C-C0F9-4ECB-B72D-C5838C309EE5}.Debug|Any CPU.ActiveCfg = Debug|Any CPU
		{3636502C-C0F9-4ECB-B72D-C5838C309EE5}.Debug|Any CPU.Build.0 = Debug|Any CPU
		{3636502C-C0F9-4ECB-B72D-C5838C309EE5}.Release|Any CPU.ActiveCfg = Release|Any CPU
		{3636502C-C0F9-4ECB-B72D-C5838C309EE5}.Release|Any CPU.Build.0 = Release|Any CPU
		{EA663845-FEFB-47ED-9799-C6DA9D047A3B}.Debug|Any CPU.ActiveCfg = Debug|Any CPU
		{EA663845-FEFB-47ED-9799-C6DA9D047A3B}.Debug|Any CPU.Build.0 = Debug|Any CPU
		{EA663845-FEFB-47ED-9799-C6DA9D047A3B}.Release|Any CPU.ActiveCfg = Release|Any CPU
		{EA663845-FEFB-47ED-9799-C6DA9D047A3B}.Release|Any CPU.Build.0 = Release|Any CPU
		{4D3C2239-DEFF-45D9-9DB2-C5E6ADCB03C3}.Debug|Any CPU.ActiveCfg = Debug|Any CPU
		{4D3C2239-DEFF-45D9-9DB2-C5E6ADCB03C3}.Debug|Any CPU.Build.0 = Debug|Any CPU
		{4D3C2239-DEFF-45D9-9DB2-C5E6ADCB03C3}.Release|Any CPU.ActiveCfg = Release|Any CPU
		{4D3C2239-DEFF-45D9-9DB2-C5E6ADCB03C3}.Release|Any CPU.Build.0 = Release|Any CPU
		{B7E60968-58F4-4200-B826-F046B18A6655}.Debug|Any CPU.ActiveCfg = Debug|Any CPU
		{B7E60968-58F4-4200-B826-F046B18A6655}.Debug|Any CPU.Build.0 = Debug|Any CPU
		{B7E60968-58F4-4200-B826-F046B18A6655}.Release|Any CPU.ActiveCfg = Release|Any CPU
		{B7E60968-58F4-4200-B826-F046B18A6655}.Release|Any CPU.Build.0 = Release|Any CPU
	EndGlobalSection
	GlobalSection(SolutionProperties) = preSolution
		HideSolutionNode = FALSE
	EndGlobalSection
EndGlobal
